
Microsoft Visual Studio Solution File, Format Version 12.00
# Visual Studio Version 16
VisualStudioVersion = 16.0.32929.386
MinimumVisualStudioVersion = 10.0.40219.1
Project("{8BC9CEB8-8B4A-11D0-8D11-00A0C91BC942}") = "Task_1", "Task_1\Task_1.vcxproj", "{24CACB63-EB27-4DE2-841E-6B8E98669E9B}"
EndProject
Project("{8BC9CEB8-8B4A-11D0-8D11-00A0C91BC942}") = "Task_2", "Task_2\Task_2.vcxproj", "{A4E21560-5423-4763-97F0-AA0E7819D555}"
EndProject
Global
	GlobalSection(SolutionConfigurationPlatforms) = preSolution
		Debug|x64 = Debug|x64
		Debug|x86 = Debug|x86
		Release|x64 = Release|x64
		Release|x86 = Release|x86
	EndGlobalSection
	GlobalSection(ProjectConfigurationPlatforms) = postSolution
		{24CACB63-EB27-4DE2-841E-6B8E98669E9B}.Debug|x64.ActiveCfg = Debug|x64
		{24CACB63-EB27-4DE2-841E-6B8E98669E9B}.Debug|x64.Build.0 = Debug|x64
		{24CACB63-EB27-4DE2-841E-6B8E98669E9B}.Debug|x86.ActiveCfg = Debug|Win32
		{24CACB63-EB27-4DE2-841E-6B8E98669E9B}.Debug|x86.Build.0 = Debug|Win32
		{24CACB63-EB27-4DE2-841E-6B8E98669E9B}.Release|x64.ActiveCfg = Release|x64
		{24CACB63-EB27-4DE2-841E-6B8E98669E9B}.Release|x64.Build.0 = Release|x64
		{24CACB63-EB27-4DE2-841E-6B8E98669E9B}.Release|x86.ActiveCfg = Release|Win32
		{24CACB63-EB27-4DE2-841E-6B8E98669E9B}.Release|x86.Build.0 = Release|Win32
		{A4E21560-5423-4763-97F0-AA0E7819D555}.Debug|x64.ActiveCfg = Debug|x64
		{A4E21560-5423-4763-97F0-AA0E7819D555}.Debug|x64.Build.0 = Debug|x64
		{A4E21560-5423-4763-97F0-AA0E7819D555}.Debug|x86.ActiveCfg = Debug|Win32
		{A4E21560-5423-4763-97F0-AA0E7819D555}.Debug|x86.Build.0 = Debug|Win32
		{A4E21560-5423-4763-97F0-AA0E7819D555}.Release|x64.ActiveCfg = Release|x64
		{A4E21560-5423-4763-97F0-AA0E7819D555}.Release|x64.Build.0 = Release|x64
		{A4E21560-5423-4763-97F0-AA0E7819D555}.Release|x86.ActiveCfg = Release|Win32
		{A4E21560-5423-4763-97F0-AA0E7819D555}.Release|x86.Build.0 = Release|Win32
	EndGlobalSection
	GlobalSection(SolutionProperties) = preSolution
		HideSolutionNode = FALSE
	EndGlobalSection
	GlobalSection(ExtensibilityGlobals) = postSolution
		SolutionGuid = {17ED6DEC-643A-4E2E-9A66-09A7158B5007}
	EndGlobalSection
EndGlobal
